
Microsoft Visual Studio Solution File, Format Version 12.00
# Visual Studio Version 16
VisualStudioVersion = 16.0.29613.14
MinimumVisualStudioVersion = 10.0.40219.1
Project("{FAE04EC0-301F-11D3-BF4B-00C04F79EFBC}") = "cn894815_mis4200", "cn894815_mis4200.csproj", "{70BA6517-A049-47CF-AF4F-0E7A649910EF}"
EndProject
Global
	GlobalSection(SolutionConfigurationPlatforms) = preSolution
		Debug|Any CPU = Debug|Any CPU
		Release|Any CPU = Release|Any CPU
	EndGlobalSection
	GlobalSection(ProjectConfigurationPlatforms) = postSolution
		{70BA6517-A049-47CF-AF4F-0E7A649910EF}.Debug|Any CPU.ActiveCfg = Debug|Any CPU
		{70BA6517-A049-47CF-AF4F-0E7A649910EF}.Debug|Any CPU.Build.0 = Debug|Any CPU
		{70BA6517-A049-47CF-AF4F-0E7A649910EF}.Release|Any CPU.ActiveCfg = Release|Any CPU
		{70BA6517-A049-47CF-AF4F-0E7A649910EF}.Release|Any CPU.Build.0 = Release|Any CPU
	EndGlobalSection
	GlobalSection(SolutionProperties) = preSolution
		HideSolutionNode = FALSE
	EndGlobalSection
	GlobalSection(ExtensibilityGlobals) = postSolution
		SolutionGuid = {40F3EBF0-19AC-4DD8-8A19-FA6F81E3C235}
	EndGlobalSection
EndGlobal
